// !$*UTF8*$!
{
	archiveVersion = 1;
	classes = {
	};
	objectVersion = 77;
	objects = {

/* Begin PBXContainerItemProxy section */
		DBC0167D2CFD66EE0020D94A /* PBXContainerItemProxy */ = {
			isa = PBXContainerItemProxy;
			containerPortal = DBC0165E2CFD66EB0020D94A /* Project object */;
			proxyType = 1;
			remoteGlobalIDString = DBC016652CFD66EB0020D94A;
			remoteInfo = AgriSmart_12;
		};
		DBC016872CFD66EE0020D94A /* PBXContainerItemProxy */ = {
			isa = PBXContainerItemProxy;
			containerPortal = DBC0165E2CFD66EB0020D94A /* Project object */;
			proxyType = 1;
			remoteGlobalIDString = DBC016652CFD66EB0020D94A;
			remoteInfo = AgriSmart_12;
		};
/* End PBXContainerItemProxy section */

/* Begin PBXFileReference section */
		DBC016662CFD66EB0020D94A /* AgriSmart_12.app */ = {isa = PBXFileReference; explicitFileType = wrapper.application; includeInIndex = 0; path = AgriSmart_12.app; sourceTree = BUILT_PRODUCTS_DIR; };
		DBC0167C2CFD66EE0020D94A /* AgriSmart_12Tests.xctest */ = {isa = PBXFileReference; explicitFileType = wrapper.cfbundle; includeInIndex = 0; path = AgriSmart_12Tests.xctest; sourceTree = BUILT_PRODUCTS_DIR; };
		DBC016862CFD66EE0020D94A /* AgriSmart_12UITests.xctest */ = {isa = PBXFileReference; explicitFileType = wrapper.cfbundle; includeInIndex = 0; path = AgriSmart_12UITests.xctest; sourceTree = BUILT_PRODUCTS_DIR; };
/* End PBXFileReference section */

/* Begin PBXFileSystemSynchronizedBuildFileExceptionSet section */
		DBC0168E2CFD66EE0020D94A /* Exceptions for "AgriSmart_12" folder in "AgriSmart_12" target */ = {
			isa = PBXFileSystemSynchronizedBuildFileExceptionSet;
			membershipExceptions = (
				Info.plist,
			);
			target = DBC016652CFD66EB0020D94A /* AgriSmart_12 */;
		};
/* End PBXFileSystemSynchronizedBuildFileExceptionSet section */

/* Begin PBXFileSystemSynchronizedRootGroup section */
		DBC016682CFD66EB0020D94A /* AgriSmart_12 */ = {
			isa = PBXFileSystemSynchronizedRootGroup;
			exceptions = (
				DBC0168E2CFD66EE0020D94A /* Exceptions for "AgriSmart_12" folder in "AgriSmart_12" target */,
			);
			path = AgriSmart_12;
			sourceTree = "<group>";
		};
		DBC0167F2CFD66EE0020D94A /* AgriSmart_12Tests */ = {
			isa = PBXFileSystemSynchronizedRootGroup;
			path = AgriSmart_12Tests;
			sourceTree = "<group>";
		};
		DBC016892CFD66EE0020D94A /* AgriSmart_12UITests */ = {
			isa = PBXFileSystemSynchronizedRootGroup;
			path = AgriSmart_12UITests;
			sourceTree = "<group>";
		};
/* End PBXFileSystemSynchronizedRootGroup section */

/* Begin PBXFrameworksBuildPhase section */
		DBC016632CFD66EB0020D94A /* Frameworks */ = {
			isa = PBXFrameworksBuildPhase;
			buildActionMask = 2147483647;
			files = (
			);
			runOnlyForDeploymentPostprocessing = 0;
		};
		DBC016792CFD66EE0020D94A /* Frameworks */ = {
			isa = PBXFrameworksBuildPhase;
			buildActionMask = 2147483647;
			files = (
			);
			runOnlyForDeploymentPostprocessing = 0;
		};
		DBC016832CFD66EE0020D94A /* Frameworks */ = {
			isa = PBXFrameworksBuildPhase;
			buildActionMask = 2147483647;
			files = (
			);
			runOnlyForDeploymentPostprocessing = 0;
		};
/* End PBXFrameworksBuildPhase section */

/* Begin PBXGroup section */
		DBC0165D2CFD66EB0020D94A = {
			isa = PBXGroup;
			children = (
				DBC016682CFD66EB0020D94A /* AgriSmart_12 */,
				DBC0167F2CFD66EE0020D94A /* AgriSmart_12Tests */,
				DBC016892CFD66EE0020D94A /* AgriSmart_12UITests */,
				DBC016672CFD66EB0020D94A /* Products */,
			);
			sourceTree = "<group>";
		};
		DBC016672CFD66EB0020D94A /* Products */ = {
			isa = PBXGroup;
			children = (
				DBC016662CFD66EB0020D94A /* AgriSmart_12.app */,
				DBC0167C2CFD66EE0020D94A /* AgriSmart_12Tests.xctest */,
				DBC016862CFD66EE0020D94A /* AgriSmart_12UITests.xctest */,
			);
			name = Products;
			sourceTree = "<group>";
		};
/* End PBXGroup section */

/* Begin PBXNativeTarget section */
		DBC016652CFD66EB0020D94A /* AgriSmart_12 */ = {
			isa = PBXNativeTarget;
			buildConfigurationList = DBC0168F2CFD66EE0020D94A /* Build configuration list for PBXNativeTarget "AgriSmart_12" */;
			buildPhases = (
				DBC016622CFD66EB0020D94A /* Sources */,
				DBC016632CFD66EB0020D94A /* Frameworks */,
				DBC016642CFD66EB0020D94A /* Resources */,
			);
			buildRules = (
			);
			dependencies = (
			);
			fileSystemSynchronizedGroups = (
				DBC016682CFD66EB0020D94A /* AgriSmart_12 */,
			);
			name = AgriSmart_12;
			packageProductDependencies = (
			);
			productName = AgriSmart_12;
			productReference = DBC016662CFD66EB0020D94A /* AgriSmart_12.app */;
			productType = "com.apple.product-type.application";
		};
		DBC0167B2CFD66EE0020D94A /* AgriSmart_12Tests */ = {
			isa = PBXNativeTarget;
			buildConfigurationList = DBC016942CFD66EE0020D94A /* Build configuration list for PBXNativeTarget "AgriSmart_12Tests" */;
			buildPhases = (
				DBC016782CFD66EE0020D94A /* Sources */,
				DBC016792CFD66EE0020D94A /* Frameworks */,
				DBC0167A2CFD66EE0020D94A /* Resources */,
			);
			buildRules = (
			);
			dependencies = (
				DBC0167E2CFD66EE0020D94A /* PBXTargetDependency */,
			);
			fileSystemSynchronizedGroups = (
				DBC0167F2CFD66EE0020D94A /* AgriSmart_12Tests */,
			);
			name = AgriSmart_12Tests;
			packageProductDependencies = (
			);
			productName = AgriSmart_12Tests;
			productReference = DBC0167C2CFD66EE0020D94A /* AgriSmart_12Tests.xctest */;
			productType = "com.apple.product-type.bundle.unit-test";
		};
		DBC016852CFD66EE0020D94A /* AgriSmart_12UITests */ = {
			isa = PBXNativeTarget;
			buildConfigurationList = DBC016972CFD66EE0020D94A /* Build configuration list for PBXNativeTarget "AgriSmart_12UITests" */;
			buildPhases = (
				DBC016822CFD66EE0020D94A /* Sources */,
				DBC016832CFD66EE0020D94A /* Frameworks */,
				DBC016842CFD66EE0020D94A /* Resources */,
			);
			buildRules = (
			);
			dependencies = (
				DBC016882CFD66EE0020D94A /* PBXTargetDependency */,
			);
			fileSystemSynchronizedGroups = (
				DBC016892CFD66EE0020D94A /* AgriSmart_12UITests */,
			);
			name = AgriSmart_12UITests;
			packageProductDependencies = (
			);
			productName = AgriSmart_12UITests;
			productReference = DBC016862CFD66EE0020D94A /* AgriSmart_12UITests.xctest */;
			productType = "com.apple.product-type.bundle.ui-testing";
		};
/* End PBXNativeTarget section */

/* Begin PBXProject section */
		DBC0165E2CFD66EB0020D94A /* Project object */ = {
			isa = PBXProject;
			attributes = {
				BuildIndependentTargetsInParallel = 1;
				LastSwiftUpdateCheck = 1610;
				LastUpgradeCheck = 1610;
				TargetAttributes = {
					DBC016652CFD66EB0020D94A = {
						CreatedOnToolsVersion = 16.1;
					};
					DBC0167B2CFD66EE0020D94A = {
						CreatedOnToolsVersion = 16.1;
						TestTargetID = DBC016652CFD66EB0020D94A;
					};
					DBC016852CFD66EE0020D94A = {
						CreatedOnToolsVersion = 16.1;
						TestTargetID = DBC016652CFD66EB0020D94A;
					};
				};
			};
			buildConfigurationList = DBC016612CFD66EB0020D94A /* Build configuration list for PBXProject "AgriSmart_12" */;
			developmentRegion = en;
			hasScannedForEncodings = 0;
			knownRegions = (
				en,
				Base,
			);
			mainGroup = DBC0165D2CFD66EB0020D94A;
			minimizedProjectReferenceProxies = 1;
			preferredProjectObjectVersion = 77;
			productRefGroup = DBC016672CFD66EB0020D94A /* Products */;
			projectDirPath = "";
			projectRoot = "";
			targets = (
				DBC016652CFD66EB0020D94A /* AgriSmart_12 */,
				DBC0167B2CFD66EE0020D94A /* AgriSmart_12Tests */,
				DBC016852CFD66EE0020D94A /* AgriSmart_12UITests */,
			);
		};
/* End PBXProject section */

/* Begin PBXResourcesBuildPhase section */
		DBC016642CFD66EB0020D94A /* Resources */ = {
			isa = PBXResourcesBuildPhase;
			buildActionMask = 2147483647;
			files = (
			);
			runOnlyForDeploymentPostprocessing = 0;
		};
		DBC0167A2CFD66EE0020D94A /* Resources */ = {
			isa = PBXResourcesBuildPhase;
			buildActionMask = 2147483647;
			files = (
			);
			runOnlyForDeploymentPostprocessing = 0;
		};
		DBC016842CFD66EE0020D94A /* Resources */ = {
			isa = PBXResourcesBuildPhase;
			buildActionMask = 2147483647;
			files = (
			);
			runOnlyForDeploymentPostprocessing = 0;
		};
/* End PBXResourcesBuildPhase section */

/* Begin PBXSourcesBuildPhase section */
		DBC016622CFD66EB0020D94A /* Sources */ = {
			isa = PBXSourcesBuildPhase;
			buildActionMask = 2147483647;
			files = (
			);
			runOnlyForDeploymentPostprocessing = 0;
		};
		DBC016782CFD66EE0020D94A /* Sources */ = {
			isa = PBXSourcesBuildPhase;
			buildActionMask = 2147483647;
			files = (
			);
			runOnlyForDeploymentPostprocessing = 0;
		};
		DBC016822CFD66EE0020D94A /* Sources */ = {
			isa = PBXSourcesBuildPhase;
			buildActionMask = 2147483647;
			files = (
			);
			runOnlyForDeploymentPostprocessing = 0;
		};
/* End PBXSourcesBuildPhase section */

/* Begin PBXTargetDependency section */
		DBC0167E2CFD66EE0020D94A /* PBXTargetDependency */ = {
			isa = PBXTargetDependency;
			target = DBC016652CFD66EB0020D94A /* AgriSmart_12 */;
			targetProxy = DBC0167D2CFD66EE0020D94A /* PBXContainerItemProxy */;
		};
		DBC016882CFD66EE0020D94A /* PBXTargetDependency */ = {
			isa = PBXTargetDependency;
			target = DBC016652CFD66EB0020D94A /* AgriSmart_12 */;
			targetProxy = DBC016872CFD66EE0020D94A /* PBXContainerItemProxy */;
		};
/* End PBXTargetDependency section */

/* Begin XCBuildConfiguration section */
		DBC016902CFD66EE0020D94A /* Debug */ = {
			isa = XCBuildConfiguration;
			buildSettings = {
				ASSETCATALOG_COMPILER_APPICON_NAME = AppIcon;
				ASSETCATALOG_COMPILER_GLOBAL_ACCENT_COLOR_NAME = AccentColor;
				CODE_SIGN_STYLE = Automatic;
				CURRENT_PROJECT_VERSION = 1;
				GENERATE_INFOPLIST_FILE = YES;
				INFOPLIST_FILE = AgriSmart_12/Info.plist;
				INFOPLIST_KEY_UIApplicationSupportsIndirectInputEvents = YES;
				INFOPLIST_KEY_UILaunchStoryboardName = LaunchScreen;
				INFOPLIST_KEY_UIMainStoryboardFile = Main;
				INFOPLIST_KEY_UISupportedInterfaceOrientations_iPad = "UIInterfaceOrientationPortrait UIInterfaceOrientationPortraitUpsideDown UIInterfaceOrientationLandscapeLeft UIInterfaceOrientationLandscapeRight";
				INFOPLIST_KEY_UISupportedInterfaceOrientations_iPhone = "UIInterfaceOrientationPortrait UIInterfaceOrientationLandscapeLeft UIInterfaceOrientationLandscapeRight";
				LD_RUNPATH_SEARCH_PATHS = (
					"$(inherited)",
					"@executable_path/Frameworks",
				);
				MARKETING_VERSION = 1.0;
				PRODUCT_BUNDLE_IDENTIFIER = "com.example.AgriSmart-12";
				PRODUCT_NAME = "$(TARGET_NAME)";
				SWIFT_EMIT_LOC_STRINGS = YES;
				SWIFT_VERSION = 5.0;
				TARGETED_DEVICE_FAMILY = "1,2";
			};
			name = Debug;
		};
		DBC016912CFD66EE0020D94A /* Release */ = {
			isa = XCBuildConfiguration;
			buildSettings = {
				ASSETCATALOG_COMPILER_APPICON_NAME = AppIcon;
				ASSETCATALOG_COMPILER_GLOBAL_ACCENT_COLOR_NAME = AccentColor;
				CODE_SIGN_STYLE = Automatic;
				CURRENT_PROJECT_VERSION = 1;
				GENERATE_INFOPLIST_FILE = YES;
				INFOPLIST_FILE = AgriSmart_12/Info.plist;
				INFOPLIST_KEY_UIApplicationSupportsIndirectInputEvents = YES;
				INFOPLIST_KEY_UILaunchStoryboardName = LaunchScreen;
				INFOPLIST_KEY_UIMainStoryboardFile = Main;
				INFOPLIST_KEY_UISupportedInterfaceOrientations_iPad = "UIInterfaceOrientationPortrait UIInterfaceOrientationPortraitUpsideDown UIInterfaceOrientationLandscapeLeft UIInterfaceOrientationLandscapeRight";
				INFOPLIST_KEY_UISupportedInterfaceOrientations_iPhone = "UIInterfaceOrientationPortrait UIInterfaceOrientationLandscapeLeft UIInterfaceOrientationLandscapeRight";
				LD_RUNPATH_SEARCH_PATHS = (
					"$(inherited)",
					"@executable_path/Frameworks",
				);
				MARKETING_VERSION = 1.0;
				PRODUCT_BUNDLE_IDENTIFIER = "com.example.AgriSmart-12";
				PRODUCT_NAME = "$(TARGET_NAME)";
				SWIFT_EMIT_LOC_STRINGS = YES;
				SWIFT_VERSION = 5.0;
				TARGETED_DEVICE_FAMILY = "1,2";
			};
			name = Release;
		};
		DBC016922CFD66EE0020D94A /* Debug */ = {
			isa = XCBuildConfiguration;
			buildSettings = {
				ALWAYS_SEARCH_USER_PATHS = NO;
				ASSETCATALOG_COMPILER_GENERATE_SWIFT_ASSET_SYMBOL_EXTENSIONS = YES;
				CLANG_ANALYZER_NONNULL = YES;
				CLANG_ANALYZER_NUMBER_OBJECT_CONVERSION = YES_AGGRESSIVE;
				CLANG_CXX_LANGUAGE_STANDARD = "gnu++20";
				CLANG_ENABLE_MODULES = YES;
				CLANG_ENABLE_OBJC_ARC = YES;
				CLANG_ENABLE_OBJC_WEAK = YES;
				CLANG_WARN_BLOCK_CAPTURE_AUTORELEASING = YES;
				CLANG_WARN_BOOL_CONVERSION = YES;
				CLANG_WARN_COMMA = YES;
				CLANG_WARN_CONSTANT_CONVERSION = YES;
				CLANG_WARN_DEPRECATED_OBJC_IMPLEMENTATIONS = YES;
				CLANG_WARN_DIRECT_OBJC_ISA_USAGE = YES_ERROR;
				CLANG_WARN_DOCUMENTATION_COMMENTS = YES;
				CLANG_WARN_EMPTY_BODY = YES;
				CLANG_WARN_ENUM_CONVERSION = YES;
				CLANG_WARN_INFINITE_RECURSION = YES;
				CLANG_WARN_INT_CONVERSION = YES;
				CLANG_WARN_NON_LITERAL_NULL_CONVERSION = YES;
				CLANG_WARN_OBJC_IMPLICIT_RETAIN_SELF = YES;
				CLANG_WARN_OBJC_LITERAL_CONVERSION = YES;
				CLANG_WARN_OBJC_ROOT_CLASS = YES_ERROR;
				CLANG_WARN_QUOTED_INCLUDE_IN_FRAMEWORK_HEADER = YES;
				CLANG_WARN_RANGE_LOOP_ANALYSIS = YES;
				CLANG_WARN_STRICT_PROTOTYPES = YES;
				CLANG_WARN_SUSPICIOUS_MOVE = YES;
				CLANG_WARN_UNGUARDED_AVAILABILITY = YES_AGGRESSIVE;
				CLANG_WARN_UNREACHABLE_CODE = YES;
				CLANG_WARN__DUPLICATE_METHOD_MATCH = YES;
				COPY_PHASE_STRIP = NO;
				DEBUG_INFORMATION_FORMAT = dwarf;
				ENABLE_STRICT_OBJC_MSGSEND = YES;
				ENABLE_TESTABILITY = YES;
				ENABLE_USER_SCRIPT_SANDBOXING = YES;
				GCC_C_LANGUAGE_STANDARD = gnu17;
				GCC_DYNAMIC_NO_PIC = NO;
				GCC_NO_COMMON_BLOCKS = YES;
				GCC_OPTIMIZATION_LEVEL = 0;
				GCC_PREPROCESSOR_DEFINITIONS = (
					"DEBUG=1",
					"$(inherited)",
				);
				GCC_WARN_64_TO_32_BIT_CONVERSION = YES;
				GCC_WARN_ABOUT_RETURN_TYPE = YES_ERROR;
				GCC_WARN_UNDECLARED_SELECTOR = YES;
				GCC_WARN_UNINITIALIZED_AUTOS = YES_AGGRESSIVE;
				GCC_WARN_UNUSED_FUNCTION = YES;
				GCC_WARN_UNUSED_VARIABLE = YES;
				IPHONEOS_DEPLOYMENT_TARGET = 18.1;
				LOCALIZATION_PREFERS_STRING_CATALOGS = YES;
				MTL_ENABLE_DEBUG_INFO = INCLUDE_SOURCE;
				MTL_FAST_MATH = YES;
				ONLY_ACTIVE_ARCH = YES;
				SDKROOT = iphoneos;
				SWIFT_ACTIVE_COMPILATION_CONDITIONS = "DEBUG $(inherited)";
				SWIFT_OPTIMIZATION_LEVEL = "-Onone";
			};
			name = Debug;
		};
		DBC016932CFD66EE0020D94A /* Release */ = {
			isa = XCBuildConfiguration;
			buildSettings = {
				ALWAYS_SEARCH_USER_PATHS = NO;
				ASSETCATALOG_COMPILER_GENERATE_SWIFT_ASSET_SYMBOL_EXTENSIONS = YES;
				CLANG_ANALYZER_NONNULL = YES;
				CLANG_ANALYZER_NUMBER_OBJECT_CONVERSION = YES_AGGRESSIVE;
				CLANG_CXX_LANGUAGE_STANDARD = "gnu++20";
				CLANG_ENABLE_MODULES = YES;
				CLANG_ENABLE_OBJC_ARC = YES;
				CLANG_ENABLE_OBJC_WEAK = YES;
				CLANG_WARN_BLOCK_CAPTURE_AUTORELEASING = YES;
				CLANG_WARN_BOOL_CONVERSION = YES;
				CLANG_WARN_COMMA = YES;
				CLANG_WARN_CONSTANT_CONVERSION = YES;
				CLANG_WARN_DEPRECATED_OBJC_IMPLEMENTATIONS = YES;
				CLANG_WARN_DIRECT_OBJC_ISA_USAGE = YES_ERROR;
				CLANG_WARN_DOCUMENTATION_COMMENTS = YES;
				CLANG_WARN_EMPTY_BODY = YES;
				CLANG_WARN_ENUM_CONVERSION = YES;
				CLANG_WARN_INFINITE_RECURSION = YES;
				CLANG_WARN_INT_CONVERSION = YES;
				CLANG_WARN_NON_LITERAL_NULL_CONVERSION = YES;
				CLANG_WARN_OBJC_IMPLICIT_RETAIN_SELF = YES;
				CLANG_WARN_OBJC_LITERAL_CONVERSION = YES;
				CLANG_WARN_OBJC_ROOT_CLASS = YES_ERROR;
				CLANG_WARN_QUOTED_INCLUDE_IN_FRAMEWORK_HEADER = YES;
				CLANG_WARN_RANGE_LOOP_ANALYSIS = YES;
				CLANG_WARN_STRICT_PROTOTYPES = YES;
				CLANG_WARN_SUSPICIOUS_MOVE = YES;
				CLANG_WARN_UNGUARDED_AVAILABILITY = YES_AGGRESSIVE;
				CLANG_WARN_UNREACHABLE_CODE = YES;
				CLANG_WARN__DUPLICATE_METHOD_MATCH = YES;
				COPY_PHASE_STRIP = NO;
				DEBUG_INFORMATION_FORMAT = "dwarf-with-dsym";
				ENABLE_NS_ASSERTIONS = NO;
				ENABLE_STRICT_OBJC_MSGSEND = YES;
				ENABLE_USER_SCRIPT_SANDBOXING = YES;
				GCC_C_LANGUAGE_STANDARD = gnu17;
				GCC_NO_COMMON_BLOCKS = YES;
				GCC_WARN_64_TO_32_BIT_CONVERSION = YES;
				GCC_WARN_ABOUT_RETURN_TYPE = YES_ERROR;
				GCC_WARN_UNDECLARED_SELECTOR = YES;
				GCC_WARN_UNINITIALIZED_AUTOS = YES_AGGRESSIVE;
				GCC_WARN_UNUSED_FUNCTION = YES;
				GCC_WARN_UNUSED_VARIABLE = YES;
				IPHONEOS_DEPLOYMENT_TARGET = 18.1;
				LOCALIZATION_PREFERS_STRING_CATALOGS = YES;
				MTL_ENABLE_DEBUG_INFO = NO;
				MTL_FAST_MATH = YES;
				SDKROOT = iphoneos;
				SWIFT_COMPILATION_MODE = wholemodule;
				VALIDATE_PRODUCT = YES;
			};
			name = Release;
		};
		DBC016952CFD66EE0020D94A /* Debug */ = {
			isa = XCBuildConfiguration;
			buildSettings = {
				BUNDLE_LOADER = "$(TEST_HOST)";
				CODE_SIGN_STYLE = Automatic;
				CURRENT_PROJECT_VERSION = 1;
				GENERATE_INFOPLIST_FILE = YES;
				IPHONEOS_DEPLOYMENT_TARGET = 18.1;
				MARKETING_VERSION = 1.0;
				PRODUCT_BUNDLE_IDENTIFIER = "com.example.AgriSmart-12Tests";
				PRODUCT_NAME = "$(TARGET_NAME)";
				SWIFT_EMIT_LOC_STRINGS = NO;
				SWIFT_VERSION = 5.0;
				TARGETED_DEVICE_FAMILY = "1,2";
				TEST_HOST = "$(BUILT_PRODUCTS_DIR)/AgriSmart_12.app/$(BUNDLE_EXECUTABLE_FOLDER_PATH)/AgriSmart_12";
			};
			name = Debug;
		};
		DBC016962CFD66EE0020D94A /* Release */ = {
			isa = XCBuildConfiguration;
			buildSettings = {
				BUNDLE_LOADER = "$(TEST_HOST)";
				CODE_SIGN_STYLE = Automatic;
				CURRENT_PROJECT_VERSION = 1;
				GENERATE_INFOPLIST_FILE = YES;
				IPHONEOS_DEPLOYMENT_TARGET = 18.1;
				MARKETING_VERSION = 1.0;
				PRODUCT_BUNDLE_IDENTIFIER = "com.example.AgriSmart-12Tests";
				PRODUCT_NAME = "$(TARGET_NAME)";
				SWIFT_EMIT_LOC_STRINGS = NO;
				SWIFT_VERSION = 5.0;
				TARGETED_DEVICE_FAMILY = "1,2";
				TEST_HOST = "$(BUILT_PRODUCTS_DIR)/AgriSmart_12.app/$(BUNDLE_EXECUTABLE_FOLDER_PATH)/AgriSmart_12";
			};
			name = Release;
		};
		DBC016982CFD66EE0020D94A /* Debug */ = {
			isa = XCBuildConfiguration;
			buildSettings = {
				CODE_SIGN_STYLE = Automatic;
				CURRENT_PROJECT_VERSION = 1;
				GENERATE_INFOPLIST_FILE = YES;
				MARKETING_VERSION = 1.0;
				PRODUCT_BUNDLE_IDENTIFIER = "com.example.AgriSmart-12UITests";
				PRODUCT_NAME = "$(TARGET_NAME)";
				SWIFT_EMIT_LOC_STRINGS = NO;
				SWIFT_VERSION = 5.0;
				TARGETED_DEVICE_FAMILY = "1,2";
				TEST_TARGET_NAME = AgriSmart_12;
			};
			name = Debug;
		};
		DBC016992CFD66EE0020D94A /* Release */ = {
			isa = XCBuildConfiguration;
			buildSettings = {
				CODE_SIGN_STYLE = Automatic;
				CURRENT_PROJECT_VERSION = 1;
				GENERATE_INFOPLIST_FILE = YES;
				MARKETING_VERSION = 1.0;
				PRODUCT_BUNDLE_IDENTIFIER = "com.example.AgriSmart-12UITests";
				PRODUCT_NAME = "$(TARGET_NAME)";
				SWIFT_EMIT_LOC_STRINGS = NO;
				SWIFT_VERSION = 5.0;
				TARGETED_DEVICE_FAMILY = "1,2";
				TEST_TARGET_NAME = AgriSmart_12;
			};
			name = Release;
		};
/* End XCBuildConfiguration section */

/* Begin XCConfigurationList section */
		DBC016612CFD66EB0020D94A /* Build configuration list for PBXProject "AgriSmart_12" */ = {
			isa = XCConfigurationList;
			buildConfigurations = (
				DBC016922CFD66EE0020D94A /* Debug */,
				DBC016932CFD66EE0020D94A /* Release */,
			);
			defaultConfigurationIsVisible = 0;
			defaultConfigurationName = Release;
		};
		DBC0168F2CFD66EE0020D94A /* Build configuration list for PBXNativeTarget "AgriSmart_12" */ = {
			isa = XCConfigurationList;
			buildConfigurations = (
				DBC016902CFD66EE0020D94A /* Debug */,
				DBC016912CFD66EE0020D94A /* Release */,
			);
			defaultConfigurationIsVisible = 0;
			defaultConfigurationName = Release;
		};
		DBC016942CFD66EE0020D94A /* Build configuration list for PBXNativeTarget "AgriSmart_12Tests" */ = {
			isa = XCConfigurationList;
			buildConfigurations = (
				DBC016952CFD66EE0020D94A /* Debug */,
				DBC016962CFD66EE0020D94A /* Release */,
			);
			defaultConfigurationIsVisible = 0;
			defaultConfigurationName = Release;
		};
		DBC016972CFD66EE0020D94A /* Build configuration list for PBXNativeTarget "AgriSmart_12UITests" */ = {
			isa = XCConfigurationList;
			buildConfigurations = (
				DBC016982CFD66EE0020D94A /* Debug */,
				DBC016992CFD66EE0020D94A /* Release */,
			);
			defaultConfigurationIsVisible = 0;
			defaultConfigurationName = Release;
		};
/* End XCConfigurationList section */
	};
	rootObject = DBC0165E2CFD66EB0020D94A /* Project object */;
}
